{
  "name": "dev-checks",
  "version": "0.1.0",
  "lockfileVersion": 3,
  "requires": true,
  "packages": {
    "": {
      "name": "dev-checks",
      "version": "0.1.0",
      "license": "UNLICENSED",
      "bin": {
        "dev-checks": "bin/cli.cjs"
      },
      "engines": {
        "node": ">=20"
      }
    }
  }
}
